{
  "version": 4,
  "terraform_version": "1.3.7",
  "serial": 74,
  "lineage": "45707e12-0c78-26d6-f4d4-78bcd83085f2",
  "outputs": {},
  "resources": [
    {
      "mode": "managed",
      "type": "azurerm_nat_gateway",
      "name": "nat_gw",
      "provider": "provider[\"registry.terraform.io/hashicorp/azurerm\"]",
      "instances": [
        {
          "schema_version": 0,
          "attributes": {
            "id": "/subscriptions/2453e62c-1c40-4ad0-8af3-df78259aa59e/resourceGroups/f22labs_AZsqlDj/providers/Microsoft.Network/natGateways/f22labs-nat_gw",
            "idle_timeout_in_minutes": 4,
            "location": "southindia",
            "name": "f22labs-nat_gw",
            "resource_group_name": "f22labs_AZsqlDj",
            "resource_guid": "6c2ba209-77e6-4ff0-a25a-e533f5416e9f",
            "sku_name": "Standard",
            "tags": {},
            "timeouts": null,
            "zones": []
          },
          "sensitive_attributes": [],
          "private": "eyJlMmJmYjczMC1lY2FhLTExZTYtOGY4OC0zNDM2M2JjN2M0YzAiOnsiY3JlYXRlIjozNjAwMDAwMDAwMDAwLCJkZWxldGUiOjM2MDAwMDAwMDAwMDAsInJlYWQiOjMwMDAwMDAwMDAwMCwidXBkYXRlIjozNjAwMDAwMDAwMDAwfX0=",
          "dependencies": [
            "azurerm_resource_group.resourcegroup"
          ]
        }
      ]
    },
    {
      "mode": "managed",
      "type": "azurerm_resource_group",
      "name": "resourcegroup",
      "provider": "provider[\"registry.terraform.io/hashicorp/azurerm\"]",
      "instances": [
        {
          "schema_version": 0,
          "attributes": {
            "id": "/subscriptions/2453e62c-1c40-4ad0-8af3-df78259aa59e/resourceGroups/f22labs_AZsqlDj",
            "location": "southindia",
            "name": "f22labs_AZsqlDj",
            "tags": {},
            "timeouts": null
          },
          "sensitive_attributes": [],
          "private": "eyJlMmJmYjczMC1lY2FhLTExZTYtOGY4OC0zNDM2M2JjN2M0YzAiOnsiY3JlYXRlIjo1NDAwMDAwMDAwMDAwLCJkZWxldGUiOjU0MDAwMDAwMDAwMDAsInJlYWQiOjMwMDAwMDAwMDAwMCwidXBkYXRlIjo1NDAwMDAwMDAwMDAwfX0="
        }
      ]
    },
    {
      "mode": "managed",
      "type": "azurerm_subnet",
      "name": "subnet_internal",
      "provider": "provider[\"registry.terraform.io/hashicorp/azurerm\"]",
      "instances": [
        {
          "schema_version": 0,
          "attributes": {
            "address_prefixes": [
              "10.0.1.0/24"
            ],
            "delegation": [],
            "enforce_private_link_endpoint_network_policies": false,
            "enforce_private_link_service_network_policies": false,
            "id": "/subscriptions/2453e62c-1c40-4ad0-8af3-df78259aa59e/resourceGroups/f22labs_AZsqlDj/providers/Microsoft.Network/virtualNetworks/f22labs-vnet/subnets/f22labs-internal",
            "name": "f22labs-internal",
            "private_endpoint_network_policies_enabled": true,
            "private_link_service_network_policies_enabled": true,
            "resource_group_name": "f22labs_AZsqlDj",
            "service_endpoint_policy_ids": [],
            "service_endpoints": [
              "Microsoft.Sql"
            ],
            "timeouts": null,
            "virtual_network_name": "f22labs-vnet"
          },
          "sensitive_attributes": [],
          "private": "eyJlMmJmYjczMC1lY2FhLTExZTYtOGY4OC0zNDM2M2JjN2M0YzAiOnsiY3JlYXRlIjoxODAwMDAwMDAwMDAwLCJkZWxldGUiOjE4MDAwMDAwMDAwMDAsInJlYWQiOjMwMDAwMDAwMDAwMCwidXBkYXRlIjoxODAwMDAwMDAwMDAwfX0=",
          "dependencies": [
            "azurerm_resource_group.resourcegroup",
            "azurerm_virtual_network.network"
          ]
        }
      ]
    },
    {
      "mode": "managed",
      "type": "azurerm_virtual_network",
      "name": "network",
      "provider": "provider[\"registry.terraform.io/hashicorp/azurerm\"]",
      "instances": [
        {
          "schema_version": 0,
          "attributes": {
            "address_space": [
              "10.0.0.0/16"
            ],
            "bgp_community": "",
            "ddos_protection_plan": [],
            "dns_servers": [],
            "edge_zone": "",
            "flow_timeout_in_minutes": 0,
            "guid": "392f1686-da2a-4ee6-b296-e5d29977da68",
            "id": "/subscriptions/2453e62c-1c40-4ad0-8af3-df78259aa59e/resourceGroups/f22labs_AZsqlDj/providers/Microsoft.Network/virtualNetworks/f22labs-vnet",
            "location": "southindia",
            "name": "f22labs-vnet",
            "resource_group_name": "f22labs_AZsqlDj",
            "subnet": [
              {
                "address_prefix": "10.0.1.0/24",
                "id": "/subscriptions/2453e62c-1c40-4ad0-8af3-df78259aa59e/resourceGroups/f22labs_AZsqlDj/providers/Microsoft.Network/virtualNetworks/f22labs-vnet/subnets/f22labs-internal",
                "name": "f22labs-internal",
                "security_group": ""
              },
              {
                "address_prefix": "10.0.2.0/24",
                "id": "/subscriptions/2453e62c-1c40-4ad0-8af3-df78259aa59e/resourceGroups/f22labs_AZsqlDj/providers/Microsoft.Network/virtualNetworks/f22labs-vnet/subnets/f22labs-public",
                "name": "f22labs-public",
                "security_group": ""
              }
            ],
            "tags": {},
            "timeouts": null
          },
          "sensitive_attributes": [],
          "private": "eyJlMmJmYjczMC1lY2FhLTExZTYtOGY4OC0zNDM2M2JjN2M0YzAiOnsiY3JlYXRlIjoxODAwMDAwMDAwMDAwLCJkZWxldGUiOjE4MDAwMDAwMDAwMDAsInJlYWQiOjMwMDAwMDAwMDAwMCwidXBkYXRlIjoxODAwMDAwMDAwMDAwfX0=",
          "dependencies": [
            "azurerm_resource_group.resourcegroup"
          ]
        }
      ]
    }
  ],
  "check_results": null
}
